github.com/Azure/azure-sdk-for-go v10.3.1-beta+incompatible h1:8UBrCql1l0EviNJ9BAsq44OMSiyRbMusW/0nCvcqDaM=
github.com/Azure/azure-sdk-for-go v10.3.1-beta+incompatible/go.mod h1:9XXNKU+eRnpl9moKnB4QOLf1HestfXbmab5FXxiDBjc=
github.com/Azure/go-autorest v8.4.0+incompatible h1:L0lfRrBLK26wwXV0pkmu7D2w1n2VBU6QaH0DXGLvnzA=
github.com/Azure/go-autorest v8.4.0+incompatible/go.mod h1:r+4oMnoxhatjLLJ6zxSWATqVooLgysK6ZNox3g/xq24=
github.com/approvals/go-approval-tests v0.0.0-20160722232128-6f75c0a8ecdf h1:zdrbwqR46hnmVE5fgAQ0zzmklxyuHglEWrsf7dNPXu4=
github.com/approvals/go-approval-tests v0.0.0-20160722232128-6f75c0a8ecdf/go.mod h1:S6puKjZ9ZeqUPBv2hEBnMZGcM2J6mOsDRQcmxkMAND0=
github.com/codegangsta/cli v1.11.2-0.20160122054438-f9cc3001e04f h1:cvN9sNBqE4EAqrX/NB3gq7NWJZ3wIvOmDSVnhbzNlEs=
github.com/codegangsta/cli v1.11.2-0.20160122054438-f9cc3001e04f/go.mod h1:/qJNoX69yVSKu5o4jLyXAENLRyk1uhi7zkbQ3slBdOA=
github.com/davecgh/go-spew v1.1.0 h1:ZDRjVQ15GmhC3fiQ8ni8+OwkZQO4DARzQgrnXU1Liz8=
github.com/davecgh/go-spew v1.1.0/go.mod h1:J7Y8YcW2NihsgmVo/mv3lAwl/skON4iLHjSsI+c5H38=
github.com/dgrijalva/jwt-go v3.0.0+incompatible h1:nfVqwkkhaRUethVJaQf5TUFdFr3YUF4lJBTf/F2XwVI=
github.com/dgrijalva/jwt-go v3.0.0+incompatible/go.mod h1:E3ru+11k8xSBh+hMPgOLZmtrrCbhqsmaPHjLKYnJCaQ=
github.com/dnaeon/go-vcr v1.1.0 h1:ReYa/UBrRyQdant9B4fNHGoCNKw6qh6P0fsdGmZpR7c=
github.com/dnaeon/go-vcr v1.1.0/go.mod h1:M7tiix8f0r6mKKJ3Yq/kqU1OYf3MnfmBWVbPx/yU9ko=
github.com/kr/pretty v0.2.1 h1:Fmg33tUaq4/8ym9TJN1x7sLJnHVwhP33CNkpYV/7rwI=
github.com/kr/pretty v0.2.1/go.mod h1:ipq/a2n7PKx3OHsz4KJII5eveXtPO4qwEXGdVfWzfnI=
github.com/kr/pty v1.1.1/go.mod h1:pFQYn66WHrOpPYNljwOMqo10TkYh1fy3cYio2l3bCsQ=
github.com/kr/text v0.1.0 h1:45sCR5RtlFHMR4UwH9sdQ5TC8v0qDQCHnXt+kaKSTVE=
github.com/kr/text v0.1.0/go.mod h1:4Jbv+DJW3UT/LiOwJeYQe1efqtUx/iVham/4vfdArNI=
github.com/mattn/go-runewidth v0.0.0-20160109114248-e882a96ec18d h1:qKIUd0/JmjcwGSwAJhN0aecSnj8OiL7CmY6EKJm3spw=
github.com/mattn/go-runewidth v0.0.0-20160109114248-e882a96ec18d/go.mod h1:LwmH8dsx7+W8Uxz3IHJYH5QSwggIsqBzpuz5H//U1FU=
github.com/modocache/gover v0.0.0-20171022184752-b58185e213c5/go.mod h1:caMODM3PzxT8aQXRPkAt8xlV/e7d7w8GM5g0fa5F0D8=
github.com/olekukonko/tablewriter v0.0.0-20160115111002-cca8bbc07984 h1:c9gVtoY8wPlhJIN2V2I1V+Fn9UcXM8mDG8IHv/1c3r8=
github.com/olekukonko/tablewriter v0.0.0-20160115111002-cca8bbc07984/go.mod h1:vsDQFd/mU46D+Z4whnwzcISnGGzXWMclvtLoiIKAKIo=
github.com/pmezard/go-difflib v1.0.0 h1:4DBwDE0NGyQoBHbLQYPwSUPoCMWR5BEzIk/f1lZbAQM=
github.com/pmezard/go-difflib v1.0.0/go.mod h1:iKH77koFhYxTK1pcRnkKkqfTogsbg7gZNVY4sRDYZ/4=
github.com/satori/uuid v1.1.0 h1:ZS7eEEVHlX8VYf4sjZMpx4RO5emTVEAZn99aO+uBFXI=
github.com/satori/uuid v1.1.0/go.mod h1:B8HLsPLik/YNn6KKWVMDJ8nzCL8RP5WyfsnmvnAEwIU=
github.com/sirupsen/logrus v0.8.8-0.20160119000032-f7f79f729e0f h1:7HwLjdRwgGmzq2p5NexN7028Zs+ujH/2s0HjF46lDeI=
github.com/sirupsen/logrus v0.8.8-0.20160119000032-f7f79f729e0f/go.mod h1:pMByvHTf9Beacp5x1UXfOR9xyW/9antXMhjMPG0dEzc=
github.com/stretchr/objx v0.1.0/go.mod h1:HFkY916IF+rwdDfMAkV7OtwuqBVzrE8GR6GFx+wExME=
github.com/stretchr/testify v1.7.0 h1:nwc3DEeHmmLAfoZucVR881uASk0Mfjw8xYJ99tb5CcY=
github.com/stretchr/testify v1.7.0/go.mod h1:6Fq8oRcR53rry900zMqJjRRixrwX3KX962/h/Wwjteg=
golang.org/x/crypto v0.0.0-20170925111901-847319b7fc94 h1:Fc+kVyEJ8mpvlYbj4C5ibmHVqoIVVVnI7ip3o7fFb5o=
golang.org/x/crypto v0.0.0-20170925111901-847319b7fc94/go.mod h1:6SG95UA2DQfeDnfUPMdvaQW0Q7yPrPDi9nlGo2tz2b4=
golang.org/x/sys v0.0.0-20160121062356-20457ee8ea85 h1:Mxww08o0ulgxGcBSseXjdU+bQrSRY4unwJzqJc1kyDM=
golang.org/x/sys v0.0.0-20160121062356-20457ee8ea85/go.mod h1:STP8DvDyc/dI5b8T5hshtkjS+E42TnysNCUPdjciGhY=
gopkg.in/check.v1 v0.0.0-20161208181325-20d25e280405/go.mod h1:Co6ibVJAznAaIkqp8huTwlJQCZ016jof/cbN4VW5Yz0=
gopkg.in/check.v1 v1.0.0-20201130134442-10cb98267c6c h1:Hei/4ADfdWqJk1ZMxUNpqntNwaWcugrBjAiHlqqRiVk=
gopkg.in/check.v1 v1.0.0-20201130134442-10cb98267c6c/go.mod h1:JHkPIbrfpd72SG/EVd6muEfDQjcINNoR0C8j2r3qZ4Q=
gopkg.in/yaml.v2 v2.2.1 h1:mUhvW9EsL+naU5Q3cakzfE91YhliOondGd6ZrsDBHQE=
gopkg.in/yaml.v2 v2.2.1/go.mod h1:hI93XBmqTisBFMUTm0b8Fm+jr3Dg1NNxqwp+5A1VGuI=
gopkg.in/yaml.v3 v3.0.0-20200313102051-9f266ea9e77c h1:dUUwHk2QECo/6vqA44rthZ8ie2QXMNeKRTHCNY2nXvo=
gopkg.in/yaml.v3 v3.0.0-20200313102051-9f266ea9e77c/go.mod h1:K4uyk7z7BCEPqu6E+C64Yfv1cQ7kz7rIZviUmN+EgEM=
