# This file is autogenerated, do not edit; changes may be undone by the next 'dep ensure'.


[[projects]]
  name = "github.com/Azure/azure-sdk-for-go"
  packages = ["management","management/storageservice","storage"]
  revision = "df4dd90d076ebbf6e87d08d3f00bfac8ff4bde1a"
  version = "v10.3.1-beta"

[[projects]]
  name = "github.com/Azure/go-autorest"
  packages = ["autorest","autorest/adal","autorest/azure","autorest/date"]
  revision = "f6be1abbb5abd0517522f850dd785990d373da7e"
  version = "v8.4.0"

[[projects]]
  name = "github.com/sirupsen/logrus"
  packages = ["."]
  revision = "f7f79f729e0fbe2fcc061db48a9ba0263f588252"

[[projects]]
  name = "github.com/approvals/go-approval-tests"
  packages = [".","reporters","utils"]
  revision = "6f75c0a8ecdf051e948b74b02f7929a4fd8915ca"

[[projects]]
  name = "github.com/codegangsta/cli"
  packages = ["."]
  revision = "f9cc3001e04f9783cb4ad08ca6791aa07134787c"

[[projects]]
  name = "github.com/dgrijalva/jwt-go"
  packages = ["."]
  revision = "d2709f9f1f31ebcda9651b03077758c1f3a0018c"
  version = "v3.0.0"

[[projects]]
  name = "github.com/mattn/go-runewidth"
  packages = ["."]
  revision = "e882a96ec18dd43fa283187b66af74497c9101c0"

[[projects]]
  name = "github.com/olekukonko/tablewriter"
  packages = ["."]
  revision = "cca8bbc0798408af109aaaa239cbd2634846b340"

[[projects]]
  name = "github.com/satori/uuid"
  packages = ["."]
  revision = "879c5887cd475cd7864858769793b2ceb0d44feb"
  version = "v1.1.0"

[[projects]]
  branch = "master"
  name = "golang.org/x/crypto"
  packages = ["pkcs12","pkcs12/internal/rc2"]
  revision = "847319b7fc94cab682988f93da778204da164588"

[[projects]]
  name = "golang.org/x/sys"
  packages = ["unix"]
  revision = "20457ee8ea8546920d3f4e19e405da45250dc5a5"

[solve-meta]
  analyzer-name = "dep"
  analyzer-version = 1
  inputs-digest = "b7c1414ff560db4a841e3527cd2df583fc7e60e01fc54ab67ad99e7521c373fd"
  solver-name = "gps-cdcl"
  solver-version = 1
